
Microsoft Visual Studio Solution File, Format Version 12.00
# Visual Studio 15
VisualStudioVersion = 15.0.28307.902
MinimumVisualStudioVersion = 10.0.40219.1
Project("{FAE04EC0-301F-11D3-BF4B-00C04F79EFBC}") = "AccessSpecifiers", "AccessSpecifiers\AccessSpecifiers.csproj", "{06ED2061-7D49-415A-A219-D061BB5FBD6B}"
EndProject
Project("{FAE04EC0-301F-11D3-BF4B-00C04F79EFBC}") = "AssemblyOne", "AssemblyOne\AssemblyOne.csproj", "{A478A062-7150-45E5-B220-8D86748F8EC7}"
EndProject
Project("{FAE04EC0-301F-11D3-BF4B-00C04F79EFBC}") = "AssemblyTwo", "AssemblyTwo\AssemblyTwo.csproj", "{914F8D05-0FD1-4762-AEC9-DB8AE76A0714}"
EndProject
Global
	GlobalSection(SolutionConfigurationPlatforms) = preSolution
		Debug|Any CPU = Debug|Any CPU
		Release|Any CPU = Release|Any CPU
	EndGlobalSection
	GlobalSection(ProjectConfigurationPlatforms) = postSolution
		{06ED2061-7D49-415A-A219-D061BB5FBD6B}.Debug|Any CPU.ActiveCfg = Debug|Any CPU
		{06ED2061-7D49-415A-A219-D061BB5FBD6B}.Debug|Any CPU.Build.0 = Debug|Any CPU
		{06ED2061-7D49-415A-A219-D061BB5FBD6B}.Release|Any CPU.ActiveCfg = Release|Any CPU
		{06ED2061-7D49-415A-A219-D061BB5FBD6B}.Release|Any CPU.Build.0 = Release|Any CPU
		{A478A062-7150-45E5-B220-8D86748F8EC7}.Debug|Any CPU.ActiveCfg = Debug|Any CPU
		{A478A062-7150-45E5-B220-8D86748F8EC7}.Debug|Any CPU.Build.0 = Debug|Any CPU
		{A478A062-7150-45E5-B220-8D86748F8EC7}.Release|Any CPU.ActiveCfg = Release|Any CPU
		{A478A062-7150-45E5-B220-8D86748F8EC7}.Release|Any CPU.Build.0 = Release|Any CPU
		{914F8D05-0FD1-4762-AEC9-DB8AE76A0714}.Debug|Any CPU.ActiveCfg = Debug|Any CPU
		{914F8D05-0FD1-4762-AEC9-DB8AE76A0714}.Debug|Any CPU.Build.0 = Debug|Any CPU
		{914F8D05-0FD1-4762-AEC9-DB8AE76A0714}.Release|Any CPU.ActiveCfg = Release|Any CPU
		{914F8D05-0FD1-4762-AEC9-DB8AE76A0714}.Release|Any CPU.Build.0 = Release|Any CPU
	EndGlobalSection
	GlobalSection(SolutionProperties) = preSolution
		HideSolutionNode = FALSE
	EndGlobalSection
	GlobalSection(ExtensibilityGlobals) = postSolution
		SolutionGuid = {A27DB48B-C1AF-4401-A13C-FCBB468F7CEB}
	EndGlobalSection
EndGlobal
